
Microsoft Visual Studio Solution File, Format Version 12.00
# Visual Studio 15
VisualStudioVersion = 15.0.28010.2048
MinimumVisualStudioVersion = 10.0.40219.1
Project("{FAE04EC0-301F-11D3-BF4B-00C04F79EFBC}") = "IfCompanyTask.API", "IfCompanyTask.API\IfCompanyTask.API.csproj", "{6D82E518-AEF0-4007-9C93-DCEDEA5E6A01}"
EndProject
Project("{2150E333-8FDC-42A3-9474-1A3956D46DE8}") = "1-Repository", "1-Repository", "{416F9553-B27A-4305-9265-A38696A6FD25}"
EndProject
Project("{2150E333-8FDC-42A3-9474-1A3956D46DE8}") = "2-Business", "2-Business", "{0A65E3FC-FF79-418E-AA37-A9641BCB907E}"
EndProject
Project("{2150E333-8FDC-42A3-9474-1A3956D46DE8}") = "3-Entity", "3-Entity", "{7D5728C2-98FD-4A71-A275-383AF3053601}"
EndProject
Project("{2150E333-8FDC-42A3-9474-1A3956D46DE8}") = "4-Interface", "4-Interface", "{3290A2C2-8000-4CFB-8899-A5858C83C2E9}"
EndProject
Project("{2150E333-8FDC-42A3-9474-1A3956D46DE8}") = "5-Service", "5-Service", "{E3C479A4-2B8A-409B-AA4E-CD5D70421A25}"
EndProject
Project("{2150E333-8FDC-42A3-9474-1A3956D46DE8}") = "6-Core", "6-Core", "{47C66CBE-68EA-4273-BD7D-B04CD169C9C1}"
EndProject
Project("{FAE04EC0-301F-11D3-BF4B-00C04F79EFBC}") = "IfCompanyTask.Repository", "IfCompanyTask.Repository\IfCompanyTask.Repository.csproj", "{77E951BF-A2FD-4914-B6EA-856E3499B6E6}"
EndProject
Project("{FAE04EC0-301F-11D3-BF4B-00C04F79EFBC}") = "IfCompanyTask.Business", "IfCompanyTask.Business\IfCompanyTask.Business.csproj", "{EB0E69D1-E567-4F1D-81E3-B2E8796ED9C4}"
EndProject
Project("{FAE04EC0-301F-11D3-BF4B-00C04F79EFBC}") = "IfCompanyTask.Entity", "IfCompanyTask.Entity\IfCompanyTask.Entity.csproj", "{E40EEDBD-096B-41B9-BC50-C0A65817DBC7}"
EndProject
Project("{FAE04EC0-301F-11D3-BF4B-00C04F79EFBC}") = "IfCompanyTask.Core", "IfCompanyTask.Core\IfCompanyTask.Core.csproj", "{F1280057-85DC-47C7-A060-4A219420235A}"
EndProject
Project("{FAE04EC0-301F-11D3-BF4B-00C04F79EFBC}") = "IfCompanyTask.Interface", "IfCompanyTask.Interface\IfCompanyTask.Interface.csproj", "{8DDBD266-030E-447F-A7A3-51890D194A01}"
EndProject
Global
	GlobalSection(SolutionConfigurationPlatforms) = preSolution
		Debug|Any CPU = Debug|Any CPU
		Release|Any CPU = Release|Any CPU
	EndGlobalSection
	GlobalSection(ProjectConfigurationPlatforms) = postSolution
		{6D82E518-AEF0-4007-9C93-DCEDEA5E6A01}.Debug|Any CPU.ActiveCfg = Debug|Any CPU
		{6D82E518-AEF0-4007-9C93-DCEDEA5E6A01}.Debug|Any CPU.Build.0 = Debug|Any CPU
		{6D82E518-AEF0-4007-9C93-DCEDEA5E6A01}.Release|Any CPU.ActiveCfg = Release|Any CPU
		{6D82E518-AEF0-4007-9C93-DCEDEA5E6A01}.Release|Any CPU.Build.0 = Release|Any CPU
		{77E951BF-A2FD-4914-B6EA-856E3499B6E6}.Debug|Any CPU.ActiveCfg = Debug|Any CPU
		{77E951BF-A2FD-4914-B6EA-856E3499B6E6}.Debug|Any CPU.Build.0 = Debug|Any CPU
		{77E951BF-A2FD-4914-B6EA-856E3499B6E6}.Release|Any CPU.ActiveCfg = Release|Any CPU
		{77E951BF-A2FD-4914-B6EA-856E3499B6E6}.Release|Any CPU.Build.0 = Release|Any CPU
		{EB0E69D1-E567-4F1D-81E3-B2E8796ED9C4}.Debug|Any CPU.ActiveCfg = Debug|Any CPU
		{EB0E69D1-E567-4F1D-81E3-B2E8796ED9C4}.Debug|Any CPU.Build.0 = Debug|Any CPU
		{EB0E69D1-E567-4F1D-81E3-B2E8796ED9C4}.Release|Any CPU.ActiveCfg = Release|Any CPU
		{EB0E69D1-E567-4F1D-81E3-B2E8796ED9C4}.Release|Any CPU.Build.0 = Release|Any CPU
		{E40EEDBD-096B-41B9-BC50-C0A65817DBC7}.Debug|Any CPU.ActiveCfg = Debug|Any CPU
		{E40EEDBD-096B-41B9-BC50-C0A65817DBC7}.Debug|Any CPU.Build.0 = Debug|Any CPU
		{E40EEDBD-096B-41B9-BC50-C0A65817DBC7}.Release|Any CPU.ActiveCfg = Release|Any CPU
		{E40EEDBD-096B-41B9-BC50-C0A65817DBC7}.Release|Any CPU.Build.0 = Release|Any CPU
		{F1280057-85DC-47C7-A060-4A219420235A}.Debug|Any CPU.ActiveCfg = Debug|Any CPU
		{F1280057-85DC-47C7-A060-4A219420235A}.Debug|Any CPU.Build.0 = Debug|Any CPU
		{F1280057-85DC-47C7-A060-4A219420235A}.Release|Any CPU.ActiveCfg = Release|Any CPU
		{F1280057-85DC-47C7-A060-4A219420235A}.Release|Any CPU.Build.0 = Release|Any CPU
		{8DDBD266-030E-447F-A7A3-51890D194A01}.Debug|Any CPU.ActiveCfg = Debug|Any CPU
		{8DDBD266-030E-447F-A7A3-51890D194A01}.Debug|Any CPU.Build.0 = Debug|Any CPU
		{8DDBD266-030E-447F-A7A3-51890D194A01}.Release|Any CPU.ActiveCfg = Release|Any CPU
		{8DDBD266-030E-447F-A7A3-51890D194A01}.Release|Any CPU.Build.0 = Release|Any CPU
	EndGlobalSection
	GlobalSection(SolutionProperties) = preSolution
		HideSolutionNode = FALSE
	EndGlobalSection
	GlobalSection(NestedProjects) = preSolution
		{6D82E518-AEF0-4007-9C93-DCEDEA5E6A01} = {E3C479A4-2B8A-409B-AA4E-CD5D70421A25}
		{77E951BF-A2FD-4914-B6EA-856E3499B6E6} = {416F9553-B27A-4305-9265-A38696A6FD25}
		{EB0E69D1-E567-4F1D-81E3-B2E8796ED9C4} = {0A65E3FC-FF79-418E-AA37-A9641BCB907E}
		{E40EEDBD-096B-41B9-BC50-C0A65817DBC7} = {7D5728C2-98FD-4A71-A275-383AF3053601}
		{F1280057-85DC-47C7-A060-4A219420235A} = {47C66CBE-68EA-4273-BD7D-B04CD169C9C1}
		{8DDBD266-030E-447F-A7A3-51890D194A01} = {3290A2C2-8000-4CFB-8899-A5858C83C2E9}
	EndGlobalSection
	GlobalSection(ExtensibilityGlobals) = postSolution
		SolutionGuid = {5BF05793-1716-4FF6-87C7-04D95DAC8F92}
	EndGlobalSection
EndGlobal
