
Microsoft Visual Studio Solution File, Format Version 12.00
# Visual Studio 15
VisualStudioVersion = 15.0.28010.2048
MinimumVisualStudioVersion = 10.0.40219.1
Project("{9A19103F-16F7-4668-BE54-9A1E7A4F7556}") = "IfCompanyTask.API", "IfCompanyTask.API\IfCompanyTask.API.csproj", "{6D82E518-AEF0-4007-9C93-DCEDEA5E6A01}"
EndProject
Project("{2150E333-8FDC-42A3-9474-1A3956D46DE8}") = "1-Repository", "1-Repository", "{416F9553-B27A-4305-9265-A38696A6FD25}"
EndProject
Project("{2150E333-8FDC-42A3-9474-1A3956D46DE8}") = "3-Entity", "3-Entity", "{7D5728C2-98FD-4A71-A275-383AF3053601}"
EndProject
Project("{2150E333-8FDC-42A3-9474-1A3956D46DE8}") = "4-Interface", "4-Interface", "{3290A2C2-8000-4CFB-8899-A5858C83C2E9}"
EndProject
Project("{2150E333-8FDC-42A3-9474-1A3956D46DE8}") = "5-Service", "5-Service", "{E3C479A4-2B8A-409B-AA4E-CD5D70421A25}"
EndProject
Project("{2150E333-8FDC-42A3-9474-1A3956D46DE8}") = "6-Common", "6-Common", "{47C66CBE-68EA-4273-BD7D-B04CD169C9C1}"
EndProject
Project("{2150E333-8FDC-42A3-9474-1A3956D46DE8}") = "2-Business", "2-Business", "{59091D66-1C9C-47C1-B70D-255D7EE4E2FE}"
EndProject
Project("{9A19103F-16F7-4668-BE54-9A1E7A4F7556}") = "IfCompanyTask.Business", "IfCompanyTask.Business\IfCompanyTask.Business.csproj", "{DC159C83-9C5B-4386-9509-6DC73D45E0C2}"
EndProject
Project("{9A19103F-16F7-4668-BE54-9A1E7A4F7556}") = "IfCompany.Entity", "IfCompany.Entity2\IfCompany.Entity.csproj", "{EB64EB26-55AA-4B79-B0A7-2BBCE461BF55}"
EndProject
Project("{9A19103F-16F7-4668-BE54-9A1E7A4F7556}") = "IfCompany.Interface", "IfCompany.Interface2\IfCompany.Interface.csproj", "{0BA5A475-0670-4DC8-BF23-8BA8A3A6AA63}"
EndProject
Project("{9A19103F-16F7-4668-BE54-9A1E7A4F7556}") = "IfCompanyTask.Repository", "IfCompanyTask.Repo\IfCompanyTask.Repository.csproj", "{D567BA1E-9DCC-4318-839B-FA7E846B7D12}"
EndProject
Project("{9A19103F-16F7-4668-BE54-9A1E7A4F7556}") = "IfCompanyTask.Common", "IfCompanyTask.Common\IfCompanyTask.Common.csproj", "{D3E275A2-E4CE-46F5-B5F9-F0B5DDB83CDC}"
EndProject
Project("{FAE04EC0-301F-11D3-BF4B-00C04F79EFBC}") = "IfCompanyTask.Exceptions", "IfCompanyTask.Exceptions\IfCompanyTask.Exceptions.csproj", "{81F890D5-3D01-42A5-BF1B-18766C6390BA}"
EndProject
Global
	GlobalSection(SolutionConfigurationPlatforms) = preSolution
		Debug|Any CPU = Debug|Any CPU
		Release|Any CPU = Release|Any CPU
	EndGlobalSection
	GlobalSection(ProjectConfigurationPlatforms) = postSolution
		{6D82E518-AEF0-4007-9C93-DCEDEA5E6A01}.Debug|Any CPU.ActiveCfg = Debug|Any CPU
		{6D82E518-AEF0-4007-9C93-DCEDEA5E6A01}.Debug|Any CPU.Build.0 = Debug|Any CPU
		{6D82E518-AEF0-4007-9C93-DCEDEA5E6A01}.Release|Any CPU.ActiveCfg = Release|Any CPU
		{6D82E518-AEF0-4007-9C93-DCEDEA5E6A01}.Release|Any CPU.Build.0 = Release|Any CPU
		{DC159C83-9C5B-4386-9509-6DC73D45E0C2}.Debug|Any CPU.ActiveCfg = Debug|Any CPU
		{DC159C83-9C5B-4386-9509-6DC73D45E0C2}.Debug|Any CPU.Build.0 = Debug|Any CPU
		{DC159C83-9C5B-4386-9509-6DC73D45E0C2}.Release|Any CPU.ActiveCfg = Release|Any CPU
		{DC159C83-9C5B-4386-9509-6DC73D45E0C2}.Release|Any CPU.Build.0 = Release|Any CPU
		{EB64EB26-55AA-4B79-B0A7-2BBCE461BF55}.Debug|Any CPU.ActiveCfg = Debug|Any CPU
		{EB64EB26-55AA-4B79-B0A7-2BBCE461BF55}.Debug|Any CPU.Build.0 = Debug|Any CPU
		{EB64EB26-55AA-4B79-B0A7-2BBCE461BF55}.Release|Any CPU.ActiveCfg = Release|Any CPU
		{EB64EB26-55AA-4B79-B0A7-2BBCE461BF55}.Release|Any CPU.Build.0 = Release|Any CPU
		{0BA5A475-0670-4DC8-BF23-8BA8A3A6AA63}.Debug|Any CPU.ActiveCfg = Debug|Any CPU
		{0BA5A475-0670-4DC8-BF23-8BA8A3A6AA63}.Debug|Any CPU.Build.0 = Debug|Any CPU
		{0BA5A475-0670-4DC8-BF23-8BA8A3A6AA63}.Release|Any CPU.ActiveCfg = Release|Any CPU
		{0BA5A475-0670-4DC8-BF23-8BA8A3A6AA63}.Release|Any CPU.Build.0 = Release|Any CPU
		{D567BA1E-9DCC-4318-839B-FA7E846B7D12}.Debug|Any CPU.ActiveCfg = Debug|Any CPU
		{D567BA1E-9DCC-4318-839B-FA7E846B7D12}.Debug|Any CPU.Build.0 = Debug|Any CPU
		{D567BA1E-9DCC-4318-839B-FA7E846B7D12}.Release|Any CPU.ActiveCfg = Release|Any CPU
		{D567BA1E-9DCC-4318-839B-FA7E846B7D12}.Release|Any CPU.Build.0 = Release|Any CPU
		{D3E275A2-E4CE-46F5-B5F9-F0B5DDB83CDC}.Debug|Any CPU.ActiveCfg = Debug|Any CPU
		{D3E275A2-E4CE-46F5-B5F9-F0B5DDB83CDC}.Debug|Any CPU.Build.0 = Debug|Any CPU
		{D3E275A2-E4CE-46F5-B5F9-F0B5DDB83CDC}.Release|Any CPU.ActiveCfg = Release|Any CPU
		{D3E275A2-E4CE-46F5-B5F9-F0B5DDB83CDC}.Release|Any CPU.Build.0 = Release|Any CPU
		{81F890D5-3D01-42A5-BF1B-18766C6390BA}.Debug|Any CPU.ActiveCfg = Debug|Any CPU
		{81F890D5-3D01-42A5-BF1B-18766C6390BA}.Debug|Any CPU.Build.0 = Debug|Any CPU
		{81F890D5-3D01-42A5-BF1B-18766C6390BA}.Release|Any CPU.ActiveCfg = Release|Any CPU
		{81F890D5-3D01-42A5-BF1B-18766C6390BA}.Release|Any CPU.Build.0 = Release|Any CPU
	EndGlobalSection
	GlobalSection(SolutionProperties) = preSolution
		HideSolutionNode = FALSE
	EndGlobalSection
	GlobalSection(NestedProjects) = preSolution
		{6D82E518-AEF0-4007-9C93-DCEDEA5E6A01} = {E3C479A4-2B8A-409B-AA4E-CD5D70421A25}
		{DC159C83-9C5B-4386-9509-6DC73D45E0C2} = {59091D66-1C9C-47C1-B70D-255D7EE4E2FE}
		{EB64EB26-55AA-4B79-B0A7-2BBCE461BF55} = {7D5728C2-98FD-4A71-A275-383AF3053601}
		{0BA5A475-0670-4DC8-BF23-8BA8A3A6AA63} = {3290A2C2-8000-4CFB-8899-A5858C83C2E9}
		{D567BA1E-9DCC-4318-839B-FA7E846B7D12} = {416F9553-B27A-4305-9265-A38696A6FD25}
		{D3E275A2-E4CE-46F5-B5F9-F0B5DDB83CDC} = {47C66CBE-68EA-4273-BD7D-B04CD169C9C1}
		{81F890D5-3D01-42A5-BF1B-18766C6390BA} = {47C66CBE-68EA-4273-BD7D-B04CD169C9C1}
	EndGlobalSection
	GlobalSection(ExtensibilityGlobals) = postSolution
		SolutionGuid = {5BF05793-1716-4FF6-87C7-04D95DAC8F92}
	EndGlobalSection
EndGlobal
